// !$*UTF8*$!
{
	archiveVersion = 1;
	classes = {
	};
	objectVersion = 55;
	objects = {

/* Begin PBXBuildFile section */
		170C9CAA1F44A8E9D06A2613 /* Pods_CalendarPerson_CalendarPersonUITests.framework in Frameworks */ = {isa = PBXBuildFile; fileRef = 20878D19D07D8B1C89FB4EEF /* Pods_CalendarPerson_CalendarPersonUITests.framework */; };
		1B43788A2730E60700A1C214 /* CalendarDaysFactory.swift in Sources */ = {isa = PBXBuildFile; fileRef = 1B4378892730E60700A1C214 /* CalendarDaysFactory.swift */; };
		1B43788C2730E76500A1C214 /* CalendarMonthsFactory.swift in Sources */ = {isa = PBXBuildFile; fileRef = 1B43788B2730E76500A1C214 /* CalendarMonthsFactory.swift */; };
		1B753B81272AD03B000E7A5D /* Calendar.storyboard in Resources */ = {isa = PBXBuildFile; fileRef = 1B753B80272AD03B000E7A5D /* Calendar.storyboard */; };
		1B753B83272AD089000E7A5D /* CommonCalendarViewController.swift in Sources */ = {isa = PBXBuildFile; fileRef = 1B753B82272AD089000E7A5D /* CommonCalendarViewController.swift */; };
		1BC92AE827258A5F0079D326 /* Contents.storyboard in Resources */ = {isa = PBXBuildFile; fileRef = 1BC92AE727258A5F0079D326 /* Contents.storyboard */; };
		1BC92AEB272653820079D326 /* YearlyCalendarViewController.swift in Sources */ = {isa = PBXBuildFile; fileRef = 1BC92AEA272653820079D326 /* YearlyCalendarViewController.swift */; };
		1BC92AEE2726539A0079D326 /* MonthlyCalendarViewController.swift in Sources */ = {isa = PBXBuildFile; fileRef = 1BC92AED2726539A0079D326 /* MonthlyCalendarViewController.swift */; };
		1BC92AF0272653AB0079D326 /* DailyScheduleViewController.swift in Sources */ = {isa = PBXBuildFile; fileRef = 1BC92AEF272653AB0079D326 /* DailyScheduleViewController.swift */; };
		1BC92AF2272653C00079D326 /* ScheduleDetailViewController.swift in Sources */ = {isa = PBXBuildFile; fileRef = 1BC92AF1272653C00079D326 /* ScheduleDetailViewController.swift */; };
		1BC92AF5272655020079D326 /* YearlyCalendarTableViewCell.swift in Sources */ = {isa = PBXBuildFile; fileRef = 1BC92AF4272655020079D326 /* YearlyCalendarTableViewCell.swift */; };
		1BC92AF8272692840079D326 /* MonthlyCalendarTableViewCell.swift in Sources */ = {isa = PBXBuildFile; fileRef = 1BC92AF7272692840079D326 /* MonthlyCalendarTableViewCell.swift */; };
		1BC92AFA272695530079D326 /* DailyScheduleTableViewCell.swift in Sources */ = {isa = PBXBuildFile; fileRef = 1BC92AF9272695530079D326 /* DailyScheduleTableViewCell.swift */; };
		1BFAC6ED2725842B008A3346 /* AppDelegate.swift in Sources */ = {isa = PBXBuildFile; fileRef = 1BFAC6EC2725842B008A3346 /* AppDelegate.swift */; };
		1BFAC6EF2725842B008A3346 /* SceneDelegate.swift in Sources */ = {isa = PBXBuildFile; fileRef = 1BFAC6EE2725842B008A3346 /* SceneDelegate.swift */; };
		1BFAC6F12725842B008A3346 /* ViewController.swift in Sources */ = {isa = PBXBuildFile; fileRef = 1BFAC6F02725842B008A3346 /* ViewController.swift */; };
		1BFAC6F42725842B008A3346 /* Main.storyboard in Resources */ = {isa = PBXBuildFile; fileRef = 1BFAC6F22725842B008A3346 /* Main.storyboard */; };
		1BFAC6F62725842D008A3346 /* Assets.xcassets in Resources */ = {isa = PBXBuildFile; fileRef = 1BFAC6F52725842D008A3346 /* Assets.xcassets */; };
		1BFAC6F92725842D008A3346 /* LaunchScreen.storyboard in Resources */ = {isa = PBXBuildFile; fileRef = 1BFAC6F72725842D008A3346 /* LaunchScreen.storyboard */; };
		1BFAC7042725842D008A3346 /* CalendarPersonTests.swift in Sources */ = {isa = PBXBuildFile; fileRef = 1BFAC7032725842D008A3346 /* CalendarPersonTests.swift */; };
		1BFAC70E2725842D008A3346 /* CalendarPersonUITests.swift in Sources */ = {isa = PBXBuildFile; fileRef = 1BFAC70D2725842D008A3346 /* CalendarPersonUITests.swift */; };
		1BFAC7102725842D008A3346 /* CalendarPersonUITestsLaunchTests.swift in Sources */ = {isa = PBXBuildFile; fileRef = 1BFAC70F2725842D008A3346 /* CalendarPersonUITestsLaunchTests.swift */; };
		ACD1ED5E0FC90F0425D74E91 /* Pods_CalendarPerson.framework in Frameworks */ = {isa = PBXBuildFile; fileRef = F70B979BAA709436316F3BDE /* Pods_CalendarPerson.framework */; };
		B205BBE13101E88057B50EC1 /* Pods_CalendarPersonTests.framework in Frameworks */ = {isa = PBXBuildFile; fileRef = 400C62FF2CF9F3A7AA43489E /* Pods_CalendarPersonTests.framework */; };
/* End PBXBuildFile section */

/* Begin PBXContainerItemProxy section */
		1BFAC7002725842D008A3346 /* PBXContainerItemProxy */ = {
			isa = PBXContainerItemProxy;
			containerPortal = 1BFAC6E12725842B008A3346 /* Project object */;
			proxyType = 1;
			remoteGlobalIDString = 1BFAC6E82725842B008A3346;
			remoteInfo = CalendarPerson;
		};
		1BFAC70A2725842D008A3346 /* PBXContainerItemProxy */ = {
			isa = PBXContainerItemProxy;
			containerPortal = 1BFAC6E12725842B008A3346 /* Project object */;
			proxyType = 1;
			remoteGlobalIDString = 1BFAC6E82725842B008A3346;
			remoteInfo = CalendarPerson;
		};
/* End PBXContainerItemProxy section */

/* Begin PBXFileReference section */
		1B4378892730E60700A1C214 /* CalendarDaysFactory.swift */ = {isa = PBXFileReference; lastKnownFileType = sourcecode.swift; path = CalendarDaysFactory.swift; sourceTree = "<group>"; };
		1B43788B2730E76500A1C214 /* CalendarMonthsFactory.swift */ = {isa = PBXFileReference; lastKnownFileType = sourcecode.swift; path = CalendarMonthsFactory.swift; sourceTree = "<group>"; };
		1B753B80272AD03B000E7A5D /* Calendar.storyboard */ = {isa = PBXFileReference; lastKnownFileType = file.storyboard; path = Calendar.storyboard; sourceTree = "<group>"; };
		1B753B82272AD089000E7A5D /* CommonCalendarViewController.swift */ = {isa = PBXFileReference; lastKnownFileType = sourcecode.swift; path = CommonCalendarViewController.swift; sourceTree = "<group>"; };
		1B9DB90A2730EF3200B9E4DB /* CalendarPerson.entitlements */ = {isa = PBXFileReference; lastKnownFileType = text.plist.entitlements; path = CalendarPerson.entitlements; sourceTree = "<group>"; };
		1BC92AE727258A5F0079D326 /* Contents.storyboard */ = {isa = PBXFileReference; lastKnownFileType = file.storyboard; path = Contents.storyboard; sourceTree = "<group>"; };
		1BC92AEA272653820079D326 /* YearlyCalendarViewController.swift */ = {isa = PBXFileReference; lastKnownFileType = sourcecode.swift; path = YearlyCalendarViewController.swift; sourceTree = "<group>"; };
		1BC92AED2726539A0079D326 /* MonthlyCalendarViewController.swift */ = {isa = PBXFileReference; lastKnownFileType = sourcecode.swift; path = MonthlyCalendarViewController.swift; sourceTree = "<group>"; };
		1BC92AEF272653AB0079D326 /* DailyScheduleViewController.swift */ = {isa = PBXFileReference; lastKnownFileType = sourcecode.swift; path = DailyScheduleViewController.swift; sourceTree = "<group>"; };
		1BC92AF1272653C00079D326 /* ScheduleDetailViewController.swift */ = {isa = PBXFileReference; lastKnownFileType = sourcecode.swift; path = ScheduleDetailViewController.swift; sourceTree = "<group>"; };
		1BC92AF4272655020079D326 /* YearlyCalendarTableViewCell.swift */ = {isa = PBXFileReference; lastKnownFileType = sourcecode.swift; path = YearlyCalendarTableViewCell.swift; sourceTree = "<group>"; };
		1BC92AF7272692840079D326 /* MonthlyCalendarTableViewCell.swift */ = {isa = PBXFileReference; lastKnownFileType = sourcecode.swift; path = MonthlyCalendarTableViewCell.swift; sourceTree = "<group>"; };
		1BC92AF9272695530079D326 /* DailyScheduleTableViewCell.swift */ = {isa = PBXFileReference; lastKnownFileType = sourcecode.swift; path = DailyScheduleTableViewCell.swift; sourceTree = "<group>"; };
		1BC92AFB2726F83F0079D326 /* Date.playground */ = {isa = PBXFileReference; lastKnownFileType = file.playground; path = Date.playground; sourceTree = "<group>"; xcLanguageSpecificationIdentifier = xcode.lang.swift; };
		1BFAC6E92725842B008A3346 /* CalendarPerson.app */ = {isa = PBXFileReference; explicitFileType = wrapper.application; includeInIndex = 0; path = CalendarPerson.app; sourceTree = BUILT_PRODUCTS_DIR; };
		1BFAC6EC2725842B008A3346 /* AppDelegate.swift */ = {isa = PBXFileReference; lastKnownFileType = sourcecode.swift; path = AppDelegate.swift; sourceTree = "<group>"; };
		1BFAC6EE2725842B008A3346 /* SceneDelegate.swift */ = {isa = PBXFileReference; lastKnownFileType = sourcecode.swift; path = SceneDelegate.swift; sourceTree = "<group>"; };
		1BFAC6F02725842B008A3346 /* ViewController.swift */ = {isa = PBXFileReference; lastKnownFileType = sourcecode.swift; path = ViewController.swift; sourceTree = "<group>"; };
		1BFAC6F32725842B008A3346 /* Base */ = {isa = PBXFileReference; lastKnownFileType = file.storyboard; name = Base; path = Base.lproj/Main.storyboard; sourceTree = "<group>"; };
		1BFAC6F52725842D008A3346 /* Assets.xcassets */ = {isa = PBXFileReference; lastKnownFileType = folder.assetcatalog; path = Assets.xcassets; sourceTree = "<group>"; };
		1BFAC6F82725842D008A3346 /* Base */ = {isa = PBXFileReference; lastKnownFileType = file.storyboard; name = Base; path = Base.lproj/LaunchScreen.storyboard; sourceTree = "<group>"; };
		1BFAC6FA2725842D008A3346 /* Info.plist */ = {isa = PBXFileReference; lastKnownFileType = text.plist.xml; path = Info.plist; sourceTree = "<group>"; };
		1BFAC6FF2725842D008A3346 /* CalendarPersonTests.xctest */ = {isa = PBXFileReference; explicitFileType = wrapper.cfbundle; includeInIndex = 0; path = CalendarPersonTests.xctest; sourceTree = BUILT_PRODUCTS_DIR; };
		1BFAC7032725842D008A3346 /* CalendarPersonTests.swift */ = {isa = PBXFileReference; lastKnownFileType = sourcecode.swift; path = CalendarPersonTests.swift; sourceTree = "<group>"; };
		1BFAC7092725842D008A3346 /* CalendarPersonUITests.xctest */ = {isa = PBXFileReference; explicitFileType = wrapper.cfbundle; includeInIndex = 0; path = CalendarPersonUITests.xctest; sourceTree = BUILT_PRODUCTS_DIR; };
		1BFAC70D2725842D008A3346 /* CalendarPersonUITests.swift */ = {isa = PBXFileReference; lastKnownFileType = sourcecode.swift; path = CalendarPersonUITests.swift; sourceTree = "<group>"; };
		1BFAC70F2725842D008A3346 /* CalendarPersonUITestsLaunchTests.swift */ = {isa = PBXFileReference; lastKnownFileType = sourcecode.swift; path = CalendarPersonUITestsLaunchTests.swift; sourceTree = "<group>"; };
		20878D19D07D8B1C89FB4EEF /* Pods_CalendarPerson_CalendarPersonUITests.framework */ = {isa = PBXFileReference; explicitFileType = wrapper.framework; includeInIndex = 0; path = Pods_CalendarPerson_CalendarPersonUITests.framework; sourceTree = BUILT_PRODUCTS_DIR; };
		21AD51E3E85F6E0294A7862B /* Pods-CalendarPersonTests.debug.xcconfig */ = {isa = PBXFileReference; includeInIndex = 1; lastKnownFileType = text.xcconfig; name = "Pods-CalendarPersonTests.debug.xcconfig"; path = "Target Support Files/Pods-CalendarPersonTests/Pods-CalendarPersonTests.debug.xcconfig"; sourceTree = "<group>"; };
		2423B0FB571B8C6525CDCD6D /* Pods-CalendarPerson-CalendarPersonUITests.release.xcconfig */ = {isa = PBXFileReference; includeInIndex = 1; lastKnownFileType = text.xcconfig; name = "Pods-CalendarPerson-CalendarPersonUITests.release.xcconfig"; path = "Target Support Files/Pods-CalendarPerson-CalendarPersonUITests/Pods-CalendarPerson-CalendarPersonUITests.release.xcconfig"; sourceTree = "<group>"; };
		400C62FF2CF9F3A7AA43489E /* Pods_CalendarPersonTests.framework */ = {isa = PBXFileReference; explicitFileType = wrapper.framework; includeInIndex = 0; path = Pods_CalendarPersonTests.framework; sourceTree = BUILT_PRODUCTS_DIR; };
		6B3894B176C5F163705DF490 /* Pods-CalendarPerson.release.xcconfig */ = {isa = PBXFileReference; includeInIndex = 1; lastKnownFileType = text.xcconfig; name = "Pods-CalendarPerson.release.xcconfig"; path = "Target Support Files/Pods-CalendarPerson/Pods-CalendarPerson.release.xcconfig"; sourceTree = "<group>"; };
		7DD5EEB293A565AE9B8AD0BC /* Pods-CalendarPerson-CalendarPersonUITests.debug.xcconfig */ = {isa = PBXFileReference; includeInIndex = 1; lastKnownFileType = text.xcconfig; name = "Pods-CalendarPerson-CalendarPersonUITests.debug.xcconfig"; path = "Target Support Files/Pods-CalendarPerson-CalendarPersonUITests/Pods-CalendarPerson-CalendarPersonUITests.debug.xcconfig"; sourceTree = "<group>"; };
		955879BFE6BED45F191F8911 /* Pods-CalendarPerson.debug.xcconfig */ = {isa = PBXFileReference; includeInIndex = 1; lastKnownFileType = text.xcconfig; name = "Pods-CalendarPerson.debug.xcconfig"; path = "Target Support Files/Pods-CalendarPerson/Pods-CalendarPerson.debug.xcconfig"; sourceTree = "<group>"; };
		C9C038C6CB5D040D46D1EC10 /* Pods-CalendarPersonTests.release.xcconfig */ = {isa = PBXFileReference; includeInIndex = 1; lastKnownFileType = text.xcconfig; name = "Pods-CalendarPersonTests.release.xcconfig"; path = "Target Support Files/Pods-CalendarPersonTests/Pods-CalendarPersonTests.release.xcconfig"; sourceTree = "<group>"; };
		F70B979BAA709436316F3BDE /* Pods_CalendarPerson.framework */ = {isa = PBXFileReference; explicitFileType = wrapper.framework; includeInIndex = 0; path = Pods_CalendarPerson.framework; sourceTree = BUILT_PRODUCTS_DIR; };
/* End PBXFileReference section */

/* Begin PBXFrameworksBuildPhase section */
		1BFAC6E62725842B008A3346 /* Frameworks */ = {
			isa = PBXFrameworksBuildPhase;
			buildActionMask = 2147483647;
			files = (
				ACD1ED5E0FC90F0425D74E91 /* Pods_CalendarPerson.framework in Frameworks */,
			);
			runOnlyForDeploymentPostprocessing = 0;
		};
		1BFAC6FC2725842D008A3346 /* Frameworks */ = {
			isa = PBXFrameworksBuildPhase;
			buildActionMask = 2147483647;
			files = (
				B205BBE13101E88057B50EC1 /* Pods_CalendarPersonTests.framework in Frameworks */,
			);
			runOnlyForDeploymentPostprocessing = 0;
		};
		1BFAC7062725842D008A3346 /* Frameworks */ = {
			isa = PBXFrameworksBuildPhase;
			buildActionMask = 2147483647;
			files = (
				170C9CAA1F44A8E9D06A2613 /* Pods_CalendarPerson_CalendarPersonUITests.framework in Frameworks */,
			);
			runOnlyForDeploymentPostprocessing = 0;
		};
/* End PBXFrameworksBuildPhase section */

/* Begin PBXGroup section */
		1B4378862730E5F200A1C214 /* Model */ = {
			isa = PBXGroup;
			children = (
				1B4378892730E60700A1C214 /* CalendarDaysFactory.swift */,
				1B43788B2730E76500A1C214 /* CalendarMonthsFactory.swift */,
			);
			path = Model;
			sourceTree = "<group>";
		};
		1BC92AE9272653620079D326 /* Login */ = {
			isa = PBXGroup;
			children = (
				1BFAC6F02725842B008A3346 /* ViewController.swift */,
			);
			path = Login;
			sourceTree = "<group>";
		};
		1BC92AEC272653850079D326 /* Calendar */ = {
			isa = PBXGroup;
			children = (
				1B4378862730E5F200A1C214 /* Model */,
				1BC92AF6272655080079D326 /* Cells */,
				1BC92AEA272653820079D326 /* YearlyCalendarViewController.swift */,
				1BC92AED2726539A0079D326 /* MonthlyCalendarViewController.swift */,
				1BC92AEF272653AB0079D326 /* DailyScheduleViewController.swift */,
				1BC92AF1272653C00079D326 /* ScheduleDetailViewController.swift */,
				1B753B82272AD089000E7A5D /* CommonCalendarViewController.swift */,
			);
			path = Calendar;
			sourceTree = "<group>";
		};
		1BC92AF3272653C70079D326 /* View */ = {
			isa = PBXGroup;
			children = (
				1BFAC6F22725842B008A3346 /* Main.storyboard */,
				1BC92AE727258A5F0079D326 /* Contents.storyboard */,
				1B753B80272AD03B000E7A5D /* Calendar.storyboard */,
			);
			path = View;
			sourceTree = "<group>";
		};
		1BC92AF6272655080079D326 /* Cells */ = {
			isa = PBXGroup;
			children = (
				1BC92AF4272655020079D326 /* YearlyCalendarTableViewCell.swift */,
				1BC92AF7272692840079D326 /* MonthlyCalendarTableViewCell.swift */,
				1BC92AF9272695530079D326 /* DailyScheduleTableViewCell.swift */,
			);
			path = Cells;
			sourceTree = "<group>";
		};
		1BFAC6E02725842B008A3346 = {
			isa = PBXGroup;
			children = (
				1BFAC6EB2725842B008A3346 /* CalendarPerson */,
				1BFAC7022725842D008A3346 /* CalendarPersonTests */,
				1BFAC70C2725842D008A3346 /* CalendarPersonUITests */,
				1BFAC6EA2725842B008A3346 /* Products */,
				5DBF81E37F2F891E415C9960 /* Pods */,
				E3C88A8F3E32B13B0F137045 /* Frameworks */,
			);
			sourceTree = "<group>";
		};
		1BFAC6EA2725842B008A3346 /* Products */ = {
			isa = PBXGroup;
			children = (
				1BFAC6E92725842B008A3346 /* CalendarPerson.app */,
				1BFAC6FF2725842D008A3346 /* CalendarPersonTests.xctest */,
				1BFAC7092725842D008A3346 /* CalendarPersonUITests.xctest */,
			);
			name = Products;
			sourceTree = "<group>";
		};
		1BFAC6EB2725842B008A3346 /* CalendarPerson */ = {
			isa = PBXGroup;
			children = (
				1B9DB90A2730EF3200B9E4DB /* CalendarPerson.entitlements */,
				1BFAC6EC2725842B008A3346 /* AppDelegate.swift */,
				1BFAC6EE2725842B008A3346 /* SceneDelegate.swift */,
				1BC92AE9272653620079D326 /* Login */,
				1BC92AEC272653850079D326 /* Calendar */,
				1BC92AF3272653C70079D326 /* View */,
				1BFAC6F52725842D008A3346 /* Assets.xcassets */,
				1BFAC6F72725842D008A3346 /* LaunchScreen.storyboard */,
				1BFAC6FA2725842D008A3346 /* Info.plist */,
				1BC92AFB2726F83F0079D326 /* Date.playground */,
			);
			path = CalendarPerson;
			sourceTree = "<group>";
		};
		1BFAC7022725842D008A3346 /* CalendarPersonTests */ = {
			isa = PBXGroup;
			children = (
				1BFAC7032725842D008A3346 /* CalendarPersonTests.swift */,
			);
			path = CalendarPersonTests;
			sourceTree = "<group>";
		};
		1BFAC70C2725842D008A3346 /* CalendarPersonUITests */ = {
			isa = PBXGroup;
			children = (
				1BFAC70D2725842D008A3346 /* CalendarPersonUITests.swift */,
				1BFAC70F2725842D008A3346 /* CalendarPersonUITestsLaunchTests.swift */,
			);
			path = CalendarPersonUITests;
			sourceTree = "<group>";
		};
		5DBF81E37F2F891E415C9960 /* Pods */ = {
			isa = PBXGroup;
			children = (
				955879BFE6BED45F191F8911 /* Pods-CalendarPerson.debug.xcconfig */,
				6B3894B176C5F163705DF490 /* Pods-CalendarPerson.release.xcconfig */,
				7DD5EEB293A565AE9B8AD0BC /* Pods-CalendarPerson-CalendarPersonUITests.debug.xcconfig */,
				2423B0FB571B8C6525CDCD6D /* Pods-CalendarPerson-CalendarPersonUITests.release.xcconfig */,
				21AD51E3E85F6E0294A7862B /* Pods-CalendarPersonTests.debug.xcconfig */,
				C9C038C6CB5D040D46D1EC10 /* Pods-CalendarPersonTests.release.xcconfig */,
			);
			path = Pods;
			sourceTree = "<group>";
		};
		E3C88A8F3E32B13B0F137045 /* Frameworks */ = {
			isa = PBXGroup;
			children = (
				F70B979BAA709436316F3BDE /* Pods_CalendarPerson.framework */,
				20878D19D07D8B1C89FB4EEF /* Pods_CalendarPerson_CalendarPersonUITests.framework */,
				400C62FF2CF9F3A7AA43489E /* Pods_CalendarPersonTests.framework */,
			);
			name = Frameworks;
			sourceTree = "<group>";
		};
/* End PBXGroup section */

/* Begin PBXNativeTarget section */
		1BFAC6E82725842B008A3346 /* CalendarPerson */ = {
			isa = PBXNativeTarget;
			buildConfigurationList = 1BFAC7132725842D008A3346 /* Build configuration list for PBXNativeTarget "CalendarPerson" */;
			buildPhases = (
				F44BE2CF7AF747813C53E54A /* [CP] Check Pods Manifest.lock */,
				1BFAC6E52725842B008A3346 /* Sources */,
				1BFAC6E62725842B008A3346 /* Frameworks */,
				1BFAC6E72725842B008A3346 /* Resources */,
				CCF17B7296E335358C8E6B11 /* [CP] Embed Pods Frameworks */,
			);
			buildRules = (
			);
			dependencies = (
			);
			name = CalendarPerson;
			productName = CalendarPerson;
			productReference = 1BFAC6E92725842B008A3346 /* CalendarPerson.app */;
			productType = "com.apple.product-type.application";
		};
		1BFAC6FE2725842D008A3346 /* CalendarPersonTests */ = {
			isa = PBXNativeTarget;
			buildConfigurationList = 1BFAC7162725842D008A3346 /* Build configuration list for PBXNativeTarget "CalendarPersonTests" */;
			buildPhases = (
				F7A8C917528F61F6441A55FA /* [CP] Check Pods Manifest.lock */,
				1BFAC6FB2725842D008A3346 /* Sources */,
				1BFAC6FC2725842D008A3346 /* Frameworks */,
				1BFAC6FD2725842D008A3346 /* Resources */,
			);
			buildRules = (
			);
			dependencies = (
				1BFAC7012725842D008A3346 /* PBXTargetDependency */,
			);
			name = CalendarPersonTests;
			productName = CalendarPersonTests;
			productReference = 1BFAC6FF2725842D008A3346 /* CalendarPersonTests.xctest */;
			productType = "com.apple.product-type.bundle.unit-test";
		};
		1BFAC7082725842D008A3346 /* CalendarPersonUITests */ = {
			isa = PBXNativeTarget;
			buildConfigurationList = 1BFAC7192725842D008A3346 /* Build configuration list for PBXNativeTarget "CalendarPersonUITests" */;
			buildPhases = (
				18FD1C7B4B5C6FEEA83BB1C3 /* [CP] Check Pods Manifest.lock */,
				1BFAC7052725842D008A3346 /* Sources */,
				1BFAC7062725842D008A3346 /* Frameworks */,
				1BFAC7072725842D008A3346 /* Resources */,
				96C41BC2716CD537E3CF9C22 /* [CP] Embed Pods Frameworks */,
			);
			buildRules = (
			);
			dependencies = (
				1BFAC70B2725842D008A3346 /* PBXTargetDependency */,
			);
			name = CalendarPersonUITests;
			productName = CalendarPersonUITests;
			productReference = 1BFAC7092725842D008A3346 /* CalendarPersonUITests.xctest */;
			productType = "com.apple.product-type.bundle.ui-testing";
		};
/* End PBXNativeTarget section */

/* Begin PBXProject section */
		1BFAC6E12725842B008A3346 /* Project object */ = {
			isa = PBXProject;
			attributes = {
				BuildIndependentTargetsInParallel = 1;
				LastSwiftUpdateCheck = 1300;
				LastUpgradeCheck = 1300;
				TargetAttributes = {
					1BFAC6E82725842B008A3346 = {
						CreatedOnToolsVersion = 13.0;
					};
					1BFAC6FE2725842D008A3346 = {
						CreatedOnToolsVersion = 13.0;
						TestTargetID = 1BFAC6E82725842B008A3346;
					};
					1BFAC7082725842D008A3346 = {
						CreatedOnToolsVersion = 13.0;
						TestTargetID = 1BFAC6E82725842B008A3346;
					};
				};
			};
			buildConfigurationList = 1BFAC6E42725842B008A3346 /* Build configuration list for PBXProject "CalendarPerson" */;
			compatibilityVersion = "Xcode 13.0";
			developmentRegion = en;
			hasScannedForEncodings = 0;
			knownRegions = (
				en,
				Base,
			);
			mainGroup = 1BFAC6E02725842B008A3346;
			productRefGroup = 1BFAC6EA2725842B008A3346 /* Products */;
			projectDirPath = "";
			projectRoot = "";
			targets = (
				1BFAC6E82725842B008A3346 /* CalendarPerson */,
				1BFAC6FE2725842D008A3346 /* CalendarPersonTests */,
				1BFAC7082725842D008A3346 /* CalendarPersonUITests */,
			);
		};
/* End PBXProject section */

/* Begin PBXResourcesBuildPhase section */
		1BFAC6E72725842B008A3346 /* Resources */ = {
			isa = PBXResourcesBuildPhase;
			buildActionMask = 2147483647;
			files = (
				1BC92AE827258A5F0079D326 /* Contents.storyboard in Resources */,
				1BFAC6F92725842D008A3346 /* LaunchScreen.storyboard in Resources */,
				1BFAC6F62725842D008A3346 /* Assets.xcassets in Resources */,
				1B753B81272AD03B000E7A5D /* Calendar.storyboard in Resources */,
				1BFAC6F42725842B008A3346 /* Main.storyboard in Resources */,
			);
			runOnlyForDeploymentPostprocessing = 0;
		};
		1BFAC6FD2725842D008A3346 /* Resources */ = {
			isa = PBXResourcesBuildPhase;
			buildActionMask = 2147483647;
			files = (
			);
			runOnlyForDeploymentPostprocessing = 0;
		};
		1BFAC7072725842D008A3346 /* Resources */ = {
			isa = PBXResourcesBuildPhase;
			buildActionMask = 2147483647;
			files = (
			);
			runOnlyForDeploymentPostprocessing = 0;
		};
/* End PBXResourcesBuildPhase section */

/* Begin PBXShellScriptBuildPhase section */
		18FD1C7B4B5C6FEEA83BB1C3 /* [CP] Check Pods Manifest.lock */ = {
			isa = PBXShellScriptBuildPhase;
			buildActionMask = 2147483647;
			files = (
			);
			inputFileListPaths = (
			);
			inputPaths = (
				"${PODS_PODFILE_DIR_PATH}/Podfile.lock",
				"${PODS_ROOT}/Manifest.lock",
			);
			name = "[CP] Check Pods Manifest.lock";
			outputFileListPaths = (
			);
			outputPaths = (
				"$(DERIVED_FILE_DIR)/Pods-CalendarPerson-CalendarPersonUITests-checkManifestLockResult.txt",
			);
			runOnlyForDeploymentPostprocessing = 0;
			shellPath = /bin/sh;
			shellScript = "diff \"${PODS_PODFILE_DIR_PATH}/Podfile.lock\" \"${PODS_ROOT}/Manifest.lock\" > /dev/null\nif [ $? != 0 ] ; then\n    # print error to STDERR\n    echo \"error: The sandbox is not in sync with the Podfile.lock. Run 'pod install' or update your CocoaPods installation.\" >&2\n    exit 1\nfi\n# This output is used by Xcode 'outputs' to avoid re-running this script phase.\necho \"SUCCESS\" > \"${SCRIPT_OUTPUT_FILE_0}\"\n";
			showEnvVarsInLog = 0;
		};
		96C41BC2716CD537E3CF9C22 /* [CP] Embed Pods Frameworks */ = {
			isa = PBXShellScriptBuildPhase;
			buildActionMask = 2147483647;
			files = (
			);
			inputFileListPaths = (
				"${PODS_ROOT}/Target Support Files/Pods-CalendarPerson-CalendarPersonUITests/Pods-CalendarPerson-CalendarPersonUITests-frameworks-${CONFIGURATION}-input-files.xcfilelist",
			);
			name = "[CP] Embed Pods Frameworks";
			outputFileListPaths = (
				"${PODS_ROOT}/Target Support Files/Pods-CalendarPerson-CalendarPersonUITests/Pods-CalendarPerson-CalendarPersonUITests-frameworks-${CONFIGURATION}-output-files.xcfilelist",
			);
			runOnlyForDeploymentPostprocessing = 0;
			shellPath = /bin/sh;
			shellScript = "\"${PODS_ROOT}/Target Support Files/Pods-CalendarPerson-CalendarPersonUITests/Pods-CalendarPerson-CalendarPersonUITests-frameworks.sh\"\n";
			showEnvVarsInLog = 0;
		};
		CCF17B7296E335358C8E6B11 /* [CP] Embed Pods Frameworks */ = {
			isa = PBXShellScriptBuildPhase;
			buildActionMask = 2147483647;
			files = (
			);
			inputFileListPaths = (
				"${PODS_ROOT}/Target Support Files/Pods-CalendarPerson/Pods-CalendarPerson-frameworks-${CONFIGURATION}-input-files.xcfilelist",
			);
			name = "[CP] Embed Pods Frameworks";
			outputFileListPaths = (
				"${PODS_ROOT}/Target Support Files/Pods-CalendarPerson/Pods-CalendarPerson-frameworks-${CONFIGURATION}-output-files.xcfilelist",
			);
			runOnlyForDeploymentPostprocessing = 0;
			shellPath = /bin/sh;
			shellScript = "\"${PODS_ROOT}/Target Support Files/Pods-CalendarPerson/Pods-CalendarPerson-frameworks.sh\"\n";
			showEnvVarsInLog = 0;
		};
		F44BE2CF7AF747813C53E54A /* [CP] Check Pods Manifest.lock */ = {
			isa = PBXShellScriptBuildPhase;
			buildActionMask = 2147483647;
			files = (
			);
			inputFileListPaths = (
			);
			inputPaths = (
				"${PODS_PODFILE_DIR_PATH}/Podfile.lock",
				"${PODS_ROOT}/Manifest.lock",
			);
			name = "[CP] Check Pods Manifest.lock";
			outputFileListPaths = (
			);
			outputPaths = (
				"$(DERIVED_FILE_DIR)/Pods-CalendarPerson-checkManifestLockResult.txt",
			);
			runOnlyForDeploymentPostprocessing = 0;
			shellPath = /bin/sh;
			shellScript = "diff \"${PODS_PODFILE_DIR_PATH}/Podfile.lock\" \"${PODS_ROOT}/Manifest.lock\" > /dev/null\nif [ $? != 0 ] ; then\n    # print error to STDERR\n    echo \"error: The sandbox is not in sync with the Podfile.lock. Run 'pod install' or update your CocoaPods installation.\" >&2\n    exit 1\nfi\n# This output is used by Xcode 'outputs' to avoid re-running this script phase.\necho \"SUCCESS\" > \"${SCRIPT_OUTPUT_FILE_0}\"\n";
			showEnvVarsInLog = 0;
		};
		F7A8C917528F61F6441A55FA /* [CP] Check Pods Manifest.lock */ = {
			isa = PBXShellScriptBuildPhase;
			buildActionMask = 2147483647;
			files = (
			);
			inputFileListPaths = (
			);
			inputPaths = (
				"${PODS_PODFILE_DIR_PATH}/Podfile.lock",
				"${PODS_ROOT}/Manifest.lock",
			);
			name = "[CP] Check Pods Manifest.lock";
			outputFileListPaths = (
			);
			outputPaths = (
				"$(DERIVED_FILE_DIR)/Pods-CalendarPersonTests-checkManifestLockResult.txt",
			);
			runOnlyForDeploymentPostprocessing = 0;
			shellPath = /bin/sh;
			shellScript = "diff \"${PODS_PODFILE_DIR_PATH}/Podfile.lock\" \"${PODS_ROOT}/Manifest.lock\" > /dev/null\nif [ $? != 0 ] ; then\n    # print error to STDERR\n    echo \"error: The sandbox is not in sync with the Podfile.lock. Run 'pod install' or update your CocoaPods installation.\" >&2\n    exit 1\nfi\n# This output is used by Xcode 'outputs' to avoid re-running this script phase.\necho \"SUCCESS\" > \"${SCRIPT_OUTPUT_FILE_0}\"\n";
			showEnvVarsInLog = 0;
		};
/* End PBXShellScriptBuildPhase section */

/* Begin PBXSourcesBuildPhase section */
		1BFAC6E52725842B008A3346 /* Sources */ = {
			isa = PBXSourcesBuildPhase;
			buildActionMask = 2147483647;
			files = (
				1BC92AF5272655020079D326 /* YearlyCalendarTableViewCell.swift in Sources */,
				1BC92AEB272653820079D326 /* YearlyCalendarViewController.swift in Sources */,
				1BC92AF0272653AB0079D326 /* DailyScheduleViewController.swift in Sources */,
				1B753B83272AD089000E7A5D /* CommonCalendarViewController.swift in Sources */,
				1BFAC6F12725842B008A3346 /* ViewController.swift in Sources */,
				1BFAC6ED2725842B008A3346 /* AppDelegate.swift in Sources */,
				1BFAC6EF2725842B008A3346 /* SceneDelegate.swift in Sources */,
				1B43788C2730E76500A1C214 /* CalendarMonthsFactory.swift in Sources */,
				1BC92AFA272695530079D326 /* DailyScheduleTableViewCell.swift in Sources */,
				1BC92AEE2726539A0079D326 /* MonthlyCalendarViewController.swift in Sources */,
				1BC92AF2272653C00079D326 /* ScheduleDetailViewController.swift in Sources */,
				1BC92AF8272692840079D326 /* MonthlyCalendarTableViewCell.swift in Sources */,
				1B43788A2730E60700A1C214 /* CalendarDaysFactory.swift in Sources */,
			);
			runOnlyForDeploymentPostprocessing = 0;
		};
		1BFAC6FB2725842D008A3346 /* Sources */ = {
			isa = PBXSourcesBuildPhase;
			buildActionMask = 2147483647;
			files = (
				1BFAC7042725842D008A3346 /* CalendarPersonTests.swift in Sources */,
			);
			runOnlyForDeploymentPostprocessing = 0;
		};
		1BFAC7052725842D008A3346 /* Sources */ = {
			isa = PBXSourcesBuildPhase;
			buildActionMask = 2147483647;
			files = (
				1BFAC70E2725842D008A3346 /* CalendarPersonUITests.swift in Sources */,
				1BFAC7102725842D008A3346 /* CalendarPersonUITestsLaunchTests.swift in Sources */,
			);
			runOnlyForDeploymentPostprocessing = 0;
		};
/* End PBXSourcesBuildPhase section */

/* Begin PBXTargetDependency section */
		1BFAC7012725842D008A3346 /* PBXTargetDependency */ = {
			isa = PBXTargetDependency;
			target = 1BFAC6E82725842B008A3346 /* CalendarPerson */;
			targetProxy = 1BFAC7002725842D008A3346 /* PBXContainerItemProxy */;
		};
		1BFAC70B2725842D008A3346 /* PBXTargetDependency */ = {
			isa = PBXTargetDependency;
			target = 1BFAC6E82725842B008A3346 /* CalendarPerson */;
			targetProxy = 1BFAC70A2725842D008A3346 /* PBXContainerItemProxy */;
		};
/* End PBXTargetDependency section */

/* Begin PBXVariantGroup section */
		1BFAC6F22725842B008A3346 /* Main.storyboard */ = {
			isa = PBXVariantGroup;
			children = (
				1BFAC6F32725842B008A3346 /* Base */,
			);
			name = Main.storyboard;
			sourceTree = "<group>";
		};
		1BFAC6F72725842D008A3346 /* LaunchScreen.storyboard */ = {
			isa = PBXVariantGroup;
			children = (
				1BFAC6F82725842D008A3346 /* Base */,
			);
			name = LaunchScreen.storyboard;
			sourceTree = "<group>";
		};
/* End PBXVariantGroup section */

/* Begin XCBuildConfiguration section */
		1BFAC7112725842D008A3346 /* Debug */ = {
			isa = XCBuildConfiguration;
			buildSettings = {
				ALWAYS_SEARCH_USER_PATHS = NO;
				ASSETCATALOG_COMPILER_GLOBAL_ACCENT_COLOR_NAME = "";
				CLANG_ANALYZER_NONNULL = YES;
				CLANG_ANALYZER_NUMBER_OBJECT_CONVERSION = YES_AGGRESSIVE;
				CLANG_CXX_LANGUAGE_STANDARD = "gnu++17";
				CLANG_CXX_LIBRARY = "libc++";
				CLANG_ENABLE_MODULES = YES;
				CLANG_ENABLE_OBJC_ARC = YES;
				CLANG_ENABLE_OBJC_WEAK = YES;
				CLANG_WARN_BLOCK_CAPTURE_AUTORELEASING = YES;
				CLANG_WARN_BOOL_CONVERSION = YES;
				CLANG_WARN_COMMA = YES;
				CLANG_WARN_CONSTANT_CONVERSION = YES;
				CLANG_WARN_DEPRECATED_OBJC_IMPLEMENTATIONS = YES;
				CLANG_WARN_DIRECT_OBJC_ISA_USAGE = YES_ERROR;
				CLANG_WARN_DOCUMENTATION_COMMENTS = YES;
				CLANG_WARN_EMPTY_BODY = YES;
				CLANG_WARN_ENUM_CONVERSION = YES;
				CLANG_WARN_INFINITE_RECURSION = YES;
				CLANG_WARN_INT_CONVERSION = YES;
				CLANG_WARN_NON_LITERAL_NULL_CONVERSION = YES;
				CLANG_WARN_OBJC_IMPLICIT_RETAIN_SELF = YES;
				CLANG_WARN_OBJC_LITERAL_CONVERSION = YES;
				CLANG_WARN_OBJC_ROOT_CLASS = YES_ERROR;
				CLANG_WARN_QUOTED_INCLUDE_IN_FRAMEWORK_HEADER = YES;
				CLANG_WARN_RANGE_LOOP_ANALYSIS = YES;
				CLANG_WARN_STRICT_PROTOTYPES = YES;
				CLANG_WARN_SUSPICIOUS_MOVE = YES;
				CLANG_WARN_UNGUARDED_AVAILABILITY = YES_AGGRESSIVE;
				CLANG_WARN_UNREACHABLE_CODE = YES;
				CLANG_WARN__DUPLICATE_METHOD_MATCH = YES;
				COPY_PHASE_STRIP = NO;
				DEBUG_INFORMATION_FORMAT = dwarf;
				ENABLE_STRICT_OBJC_MSGSEND = YES;
				ENABLE_TESTABILITY = YES;
				GCC_C_LANGUAGE_STANDARD = gnu11;
				GCC_DYNAMIC_NO_PIC = NO;
				GCC_NO_COMMON_BLOCKS = YES;
				GCC_OPTIMIZATION_LEVEL = 0;
				GCC_PREPROCESSOR_DEFINITIONS = (
					"DEBUG=1",
					"$(inherited)",
				);
				GCC_WARN_64_TO_32_BIT_CONVERSION = YES;
				GCC_WARN_ABOUT_RETURN_TYPE = YES_ERROR;
				GCC_WARN_UNDECLARED_SELECTOR = YES;
				GCC_WARN_UNINITIALIZED_AUTOS = YES_AGGRESSIVE;
				GCC_WARN_UNUSED_FUNCTION = YES;
				GCC_WARN_UNUSED_VARIABLE = YES;
				IPHONEOS_DEPLOYMENT_TARGET = 15.0;
				MTL_ENABLE_DEBUG_INFO = INCLUDE_SOURCE;
				MTL_FAST_MATH = YES;
				ONLY_ACTIVE_ARCH = YES;
				SDKROOT = iphoneos;
				SWIFT_ACTIVE_COMPILATION_CONDITIONS = DEBUG;
				SWIFT_OPTIMIZATION_LEVEL = "-Onone";
			};
			name = Debug;
		};
		1BFAC7122725842D008A3346 /* Release */ = {
			isa = XCBuildConfiguration;
			buildSettings = {
				ALWAYS_SEARCH_USER_PATHS = NO;
				ASSETCATALOG_COMPILER_GLOBAL_ACCENT_COLOR_NAME = "";
				CLANG_ANALYZER_NONNULL = YES;
				CLANG_ANALYZER_NUMBER_OBJECT_CONVERSION = YES_AGGRESSIVE;
				CLANG_CXX_LANGUAGE_STANDARD = "gnu++17";
				CLANG_CXX_LIBRARY = "libc++";
				CLANG_ENABLE_MODULES = YES;
				CLANG_ENABLE_OBJC_ARC = YES;
				CLANG_ENABLE_OBJC_WEAK = YES;
				CLANG_WARN_BLOCK_CAPTURE_AUTORELEASING = YES;
				CLANG_WARN_BOOL_CONVERSION = YES;
				CLANG_WARN_COMMA = YES;
				CLANG_WARN_CONSTANT_CONVERSION = YES;
				CLANG_WARN_DEPRECATED_OBJC_IMPLEMENTATIONS = YES;
				CLANG_WARN_DIRECT_OBJC_ISA_USAGE = YES_ERROR;
				CLANG_WARN_DOCUMENTATION_COMMENTS = YES;
				CLANG_WARN_EMPTY_BODY = YES;
				CLANG_WARN_ENUM_CONVERSION = YES;
				CLANG_WARN_INFINITE_RECURSION = YES;
				CLANG_WARN_INT_CONVERSION = YES;
				CLANG_WARN_NON_LITERAL_NULL_CONVERSION = YES;
				CLANG_WARN_OBJC_IMPLICIT_RETAIN_SELF = YES;
				CLANG_WARN_OBJC_LITERAL_CONVERSION = YES;
				CLANG_WARN_OBJC_ROOT_CLASS = YES_ERROR;
				CLANG_WARN_QUOTED_INCLUDE_IN_FRAMEWORK_HEADER = YES;
				CLANG_WARN_RANGE_LOOP_ANALYSIS = YES;
				CLANG_WARN_STRICT_PROTOTYPES = YES;
				CLANG_WARN_SUSPICIOUS_MOVE = YES;
				CLANG_WARN_UNGUARDED_AVAILABILITY = YES_AGGRESSIVE;
				CLANG_WARN_UNREACHABLE_CODE = YES;
				CLANG_WARN__DUPLICATE_METHOD_MATCH = YES;
				COPY_PHASE_STRIP = NO;
				DEBUG_INFORMATION_FORMAT = "dwarf-with-dsym";
				ENABLE_NS_ASSERTIONS = NO;
				ENABLE_STRICT_OBJC_MSGSEND = YES;
				GCC_C_LANGUAGE_STANDARD = gnu11;
				GCC_NO_COMMON_BLOCKS = YES;
				GCC_WARN_64_TO_32_BIT_CONVERSION = YES;
				GCC_WARN_ABOUT_RETURN_TYPE = YES_ERROR;
				GCC_WARN_UNDECLARED_SELECTOR = YES;
				GCC_WARN_UNINITIALIZED_AUTOS = YES_AGGRESSIVE;
				GCC_WARN_UNUSED_FUNCTION = YES;
				GCC_WARN_UNUSED_VARIABLE = YES;
				IPHONEOS_DEPLOYMENT_TARGET = 15.0;
				MTL_ENABLE_DEBUG_INFO = NO;
				MTL_FAST_MATH = YES;
				SDKROOT = iphoneos;
				SWIFT_COMPILATION_MODE = wholemodule;
				SWIFT_OPTIMIZATION_LEVEL = "-O";
				VALIDATE_PRODUCT = YES;
			};
			name = Release;
		};
		1BFAC7142725842D008A3346 /* Debug */ = {
			isa = XCBuildConfiguration;
			baseConfigurationReference = 955879BFE6BED45F191F8911 /* Pods-CalendarPerson.debug.xcconfig */;
			buildSettings = {
				ASSETCATALOG_COMPILER_APPICON_NAME = AppIcon;
				ASSETCATALOG_COMPILER_GLOBAL_ACCENT_COLOR_NAME = AccentColor;
				CODE_SIGN_ENTITLEMENTS = CalendarPerson/CalendarPerson.entitlements;
				CODE_SIGN_STYLE = Automatic;
				CURRENT_PROJECT_VERSION = 1;
				DEVELOPMENT_TEAM = L3ZPWB4HNK;
				GENERATE_INFOPLIST_FILE = YES;
				INFOPLIST_FILE = CalendarPerson/Info.plist;
				INFOPLIST_KEY_UIApplicationSupportsIndirectInputEvents = YES;
				INFOPLIST_KEY_UILaunchStoryboardName = LaunchScreen;
				INFOPLIST_KEY_UIMainStoryboardFile = Main;
				INFOPLIST_KEY_UISupportedInterfaceOrientations_iPad = "UIInterfaceOrientationPortrait UIInterfaceOrientationPortraitUpsideDown UIInterfaceOrientationLandscapeLeft UIInterfaceOrientationLandscapeRight";
				INFOPLIST_KEY_UISupportedInterfaceOrientations_iPhone = "UIInterfaceOrientationPortrait UIInterfaceOrientationLandscapeLeft UIInterfaceOrientationLandscapeRight";
				IPHONEOS_DEPLOYMENT_TARGET = 13.1;
				LD_RUNPATH_SEARCH_PATHS = (
					"$(inherited)",
					"@executable_path/Frameworks",
				);
				MARKETING_VERSION = 1.0;
				PRODUCT_BUNDLE_IDENTIFIER = com.sanghwiback.CalendarPerson;
				PRODUCT_NAME = "$(TARGET_NAME)";
				SWIFT_EMIT_LOC_STRINGS = YES;
				SWIFT_VERSION = 5.0;
				TARGETED_DEVICE_FAMILY = "1,2";
			};
			name = Debug;
		};
		1BFAC7152725842D008A3346 /* Release */ = {
			isa = XCBuildConfiguration;
			baseConfigurationReference = 6B3894B176C5F163705DF490 /* Pods-CalendarPerson.release.xcconfig */;
			buildSettings = {
				ASSETCATALOG_COMPILER_APPICON_NAME = AppIcon;
				ASSETCATALOG_COMPILER_GLOBAL_ACCENT_COLOR_NAME = AccentColor;
				CODE_SIGN_ENTITLEMENTS = CalendarPerson/CalendarPerson.entitlements;
				CODE_SIGN_STYLE = Automatic;
				CURRENT_PROJECT_VERSION = 1;
				DEVELOPMENT_TEAM = L3ZPWB4HNK;
				GENERATE_INFOPLIST_FILE = YES;
				INFOPLIST_FILE = CalendarPerson/Info.plist;
				INFOPLIST_KEY_UIApplicationSupportsIndirectInputEvents = YES;
				INFOPLIST_KEY_UILaunchStoryboardName = LaunchScreen;
				INFOPLIST_KEY_UIMainStoryboardFile = Main;
				INFOPLIST_KEY_UISupportedInterfaceOrientations_iPad = "UIInterfaceOrientationPortrait UIInterfaceOrientationPortraitUpsideDown UIInterfaceOrientationLandscapeLeft UIInterfaceOrientationLandscapeRight";
				INFOPLIST_KEY_UISupportedInterfaceOrientations_iPhone = "UIInterfaceOrientationPortrait UIInterfaceOrientationLandscapeLeft UIInterfaceOrientationLandscapeRight";
				IPHONEOS_DEPLOYMENT_TARGET = 13.1;
				LD_RUNPATH_SEARCH_PATHS = (
					"$(inherited)",
					"@executable_path/Frameworks",
				);
				MARKETING_VERSION = 1.0;
				PRODUCT_BUNDLE_IDENTIFIER = com.sanghwiback.CalendarPerson;
				PRODUCT_NAME = "$(TARGET_NAME)";
				SWIFT_EMIT_LOC_STRINGS = YES;
				SWIFT_VERSION = 5.0;
				TARGETED_DEVICE_FAMILY = "1,2";
			};
			name = Release;
		};
		1BFAC7172725842D008A3346 /* Debug */ = {
			isa = XCBuildConfiguration;
			baseConfigurationReference = 21AD51E3E85F6E0294A7862B /* Pods-CalendarPersonTests.debug.xcconfig */;
			buildSettings = {
				ALWAYS_EMBED_SWIFT_STANDARD_LIBRARIES = YES;
				BUNDLE_LOADER = "$(TEST_HOST)";
				CODE_SIGN_STYLE = Automatic;
				CURRENT_PROJECT_VERSION = 1;
				DEVELOPMENT_TEAM = L3ZPWB4HNK;
				GENERATE_INFOPLIST_FILE = YES;
				IPHONEOS_DEPLOYMENT_TARGET = 15.0;
				LD_RUNPATH_SEARCH_PATHS = (
					"$(inherited)",
					"@executable_path/Frameworks",
					"@loader_path/Frameworks",
				);
				MARKETING_VERSION = 1.0;
				PRODUCT_BUNDLE_IDENTIFIER = com.sanghwiback.CalendarPersonTests;
				PRODUCT_NAME = "$(TARGET_NAME)";
				SWIFT_EMIT_LOC_STRINGS = NO;
				SWIFT_VERSION = 5.0;
				TARGETED_DEVICE_FAMILY = "1,2";
				TEST_HOST = "$(BUILT_PRODUCTS_DIR)/CalendarPerson.app/CalendarPerson";
			};
			name = Debug;
		};
		1BFAC7182725842D008A3346 /* Release */ = {
			isa = XCBuildConfiguration;
			baseConfigurationReference = C9C038C6CB5D040D46D1EC10 /* Pods-CalendarPersonTests.release.xcconfig */;
			buildSettings = {
				ALWAYS_EMBED_SWIFT_STANDARD_LIBRARIES = YES;
				BUNDLE_LOADER = "$(TEST_HOST)";
				CODE_SIGN_STYLE = Automatic;
				CURRENT_PROJECT_VERSION = 1;
				DEVELOPMENT_TEAM = L3ZPWB4HNK;
				GENERATE_INFOPLIST_FILE = YES;
				IPHONEOS_DEPLOYMENT_TARGET = 15.0;
				LD_RUNPATH_SEARCH_PATHS = (
					"$(inherited)",
					"@executable_path/Frameworks",
					"@loader_path/Frameworks",
				);
				MARKETING_VERSION = 1.0;
				PRODUCT_BUNDLE_IDENTIFIER = com.sanghwiback.CalendarPersonTests;
				PRODUCT_NAME = "$(TARGET_NAME)";
				SWIFT_EMIT_LOC_STRINGS = NO;
				SWIFT_VERSION = 5.0;
				TARGETED_DEVICE_FAMILY = "1,2";
				TEST_HOST = "$(BUILT_PRODUCTS_DIR)/CalendarPerson.app/CalendarPerson";
			};
			name = Release;
		};
		1BFAC71A2725842D008A3346 /* Debug */ = {
			isa = XCBuildConfiguration;
			baseConfigurationReference = 7DD5EEB293A565AE9B8AD0BC /* Pods-CalendarPerson-CalendarPersonUITests.debug.xcconfig */;
			buildSettings = {
				ALWAYS_EMBED_SWIFT_STANDARD_LIBRARIES = YES;
				CODE_SIGN_STYLE = Automatic;
				CURRENT_PROJECT_VERSION = 1;
				DEVELOPMENT_TEAM = L3ZPWB4HNK;
				GENERATE_INFOPLIST_FILE = YES;
				LD_RUNPATH_SEARCH_PATHS = (
					"$(inherited)",
					"@executable_path/Frameworks",
					"@loader_path/Frameworks",
				);
				MARKETING_VERSION = 1.0;
				PRODUCT_BUNDLE_IDENTIFIER = com.sanghwiback.CalendarPersonUITests;
				PRODUCT_NAME = "$(TARGET_NAME)";
				SWIFT_EMIT_LOC_STRINGS = NO;
				SWIFT_VERSION = 5.0;
				TARGETED_DEVICE_FAMILY = "1,2";
				TEST_TARGET_NAME = CalendarPerson;
			};
			name = Debug;
		};
		1BFAC71B2725842D008A3346 /* Release */ = {
			isa = XCBuildConfiguration;
			baseConfigurationReference = 2423B0FB571B8C6525CDCD6D /* Pods-CalendarPerson-CalendarPersonUITests.release.xcconfig */;
			buildSettings = {
				ALWAYS_EMBED_SWIFT_STANDARD_LIBRARIES = YES;
				CODE_SIGN_STYLE = Automatic;
				CURRENT_PROJECT_VERSION = 1;
				DEVELOPMENT_TEAM = L3ZPWB4HNK;
				GENERATE_INFOPLIST_FILE = YES;
				LD_RUNPATH_SEARCH_PATHS = (
					"$(inherited)",
					"@executable_path/Frameworks",
					"@loader_path/Frameworks",
				);
				MARKETING_VERSION = 1.0;
				PRODUCT_BUNDLE_IDENTIFIER = com.sanghwiback.CalendarPersonUITests;
				PRODUCT_NAME = "$(TARGET_NAME)";
				SWIFT_EMIT_LOC_STRINGS = NO;
				SWIFT_VERSION = 5.0;
				TARGETED_DEVICE_FAMILY = "1,2";
				TEST_TARGET_NAME = CalendarPerson;
			};
			name = Release;
		};
/* End XCBuildConfiguration section */

/* Begin XCConfigurationList section */
		1BFAC6E42725842B008A3346 /* Build configuration list for PBXProject "CalendarPerson" */ = {
			isa = XCConfigurationList;
			buildConfigurations = (
				1BFAC7112725842D008A3346 /* Debug */,
				1BFAC7122725842D008A3346 /* Release */,
			);
			defaultConfigurationIsVisible = 0;
			defaultConfigurationName = Release;
		};
		1BFAC7132725842D008A3346 /* Build configuration list for PBXNativeTarget "CalendarPerson" */ = {
			isa = XCConfigurationList;
			buildConfigurations = (
				1BFAC7142725842D008A3346 /* Debug */,
				1BFAC7152725842D008A3346 /* Release */,
			);
			defaultConfigurationIsVisible = 0;
			defaultConfigurationName = Release;
		};
		1BFAC7162725842D008A3346 /* Build configuration list for PBXNativeTarget "CalendarPersonTests" */ = {
			isa = XCConfigurationList;
			buildConfigurations = (
				1BFAC7172725842D008A3346 /* Debug */,
				1BFAC7182725842D008A3346 /* Release */,
			);
			defaultConfigurationIsVisible = 0;
			defaultConfigurationName = Release;
		};
		1BFAC7192725842D008A3346 /* Build configuration list for PBXNativeTarget "CalendarPersonUITests" */ = {
			isa = XCConfigurationList;
			buildConfigurations = (
				1BFAC71A2725842D008A3346 /* Debug */,
				1BFAC71B2725842D008A3346 /* Release */,
			);
			defaultConfigurationIsVisible = 0;
			defaultConfigurationName = Release;
		};
/* End XCConfigurationList section */
	};
	rootObject = 1BFAC6E12725842B008A3346 /* Project object */;
}
